
Microsoft Visual Studio Solution File, Format Version 12.00
# Visual Studio Version 17
VisualStudioVersion = 17.13.35913.81 d17.13
MinimumVisualStudioVersion = 10.0.40219.1
Project("{FAE04EC0-301F-11D3-BF4B-00C04F79EFBC}") = "PlayWright.Library", "PlayWright.Library\PlayWright.Library.csproj", "{26D6865E-455F-4FB7-B3A3-C23D1BD8D916}"
EndProject
Project("{FAE04EC0-301F-11D3-BF4B-00C04F79EFBC}") = "SwagLabs.Tests", "SwagLabs.Tests\SwagLabs.Tests.csproj", "{CD323764-37E5-46C5-AE99-6D64D8E37F98}"
EndProject
Project("{FAE04EC0-301F-11D3-BF4B-00C04F79EFBC}") = "SwagLabs.Application", "SwagLabs.Application\SwagLabs.Application.csproj", "{FCCEB8CE-C059-48B2-88DE-6B2CE809A014}"
EndProject
Global
	GlobalSection(SolutionConfigurationPlatforms) = preSolution
		Debug|Any CPU = Debug|Any CPU
		Release|Any CPU = Release|Any CPU
	EndGlobalSection
	GlobalSection(ProjectConfigurationPlatforms) = postSolution
		{26D6865E-455F-4FB7-B3A3-C23D1BD8D916}.Debug|Any CPU.ActiveCfg = Debug|Any CPU
		{26D6865E-455F-4FB7-B3A3-C23D1BD8D916}.Debug|Any CPU.Build.0 = Debug|Any CPU
		{26D6865E-455F-4FB7-B3A3-C23D1BD8D916}.Release|Any CPU.ActiveCfg = Release|Any CPU
		{26D6865E-455F-4FB7-B3A3-C23D1BD8D916}.Release|Any CPU.Build.0 = Release|Any CPU
		{CD323764-37E5-46C5-AE99-6D64D8E37F98}.Debug|Any CPU.ActiveCfg = Debug|Any CPU
		{CD323764-37E5-46C5-AE99-6D64D8E37F98}.Debug|Any CPU.Build.0 = Debug|Any CPU
		{CD323764-37E5-46C5-AE99-6D64D8E37F98}.Release|Any CPU.ActiveCfg = Release|Any CPU
		{CD323764-37E5-46C5-AE99-6D64D8E37F98}.Release|Any CPU.Build.0 = Release|Any CPU
		{FCCEB8CE-C059-48B2-88DE-6B2CE809A014}.Debug|Any CPU.ActiveCfg = Debug|Any CPU
		{FCCEB8CE-C059-48B2-88DE-6B2CE809A014}.Debug|Any CPU.Build.0 = Debug|Any CPU
		{FCCEB8CE-C059-48B2-88DE-6B2CE809A014}.Release|Any CPU.ActiveCfg = Release|Any CPU
		{FCCEB8CE-C059-48B2-88DE-6B2CE809A014}.Release|Any CPU.Build.0 = Release|Any CPU
	EndGlobalSection
	GlobalSection(SolutionProperties) = preSolution
		HideSolutionNode = FALSE
	EndGlobalSection
	GlobalSection(ExtensibilityGlobals) = postSolution
		SolutionGuid = {C8F9DBB0-C953-464F-9F44-A026F05FBC39}
	EndGlobalSection
EndGlobal
